
Microsoft Visual Studio Solution File, Format Version 12.00
# Visual Studio Version 16
VisualStudioVersion = 16.0.29009.5
MinimumVisualStudioVersion = 10.0.40219.1
Project("{FAE04EC0-301F-11D3-BF4B-00C04F79EFBC}") = "WebApplicationEdge", "WebApplicationEdge\WebApplicationEdge.csproj", "{B0470D02-2761-4265-A240-518FC67BA997}"
EndProject
Global
	GlobalSection(SolutionConfigurationPlatforms) = preSolution
		Debug|Any CPU = Debug|Any CPU
		Release|Any CPU = Release|Any CPU
	EndGlobalSection
	GlobalSection(ProjectConfigurationPlatforms) = postSolution
		{B0470D02-2761-4265-A240-518FC67BA997}.Debug|Any CPU.ActiveCfg = Debug|Any CPU
		{B0470D02-2761-4265-A240-518FC67BA997}.Debug|Any CPU.Build.0 = Debug|Any CPU
		{B0470D02-2761-4265-A240-518FC67BA997}.Release|Any CPU.ActiveCfg = Release|Any CPU
		{B0470D02-2761-4265-A240-518FC67BA997}.Release|Any CPU.Build.0 = Release|Any CPU
	EndGlobalSection
	GlobalSection(SolutionProperties) = preSolution
		HideSolutionNode = FALSE
	EndGlobalSection
	GlobalSection(ExtensibilityGlobals) = postSolution
		SolutionGuid = {161489D2-F30E-4525-901A-79C8206FE5D1}
	EndGlobalSection
EndGlobal
